// !$*UTF8*$!
{
	archiveVersion = 1;
	classes = {
	};
	objectVersion = 50;
	objects = {

/* Begin PBXBuildFile section */
		F90A051525B00C43003A899F /* SwiftRexDemoApp.swift in Sources */ = {isa = PBXBuildFile; fileRef = F90A050225B00C41003A899F /* SwiftRexDemoApp.swift */; };
		F90A051625B00C43003A899F /* SwiftRexDemoApp.swift in Sources */ = {isa = PBXBuildFile; fileRef = F90A050225B00C41003A899F /* SwiftRexDemoApp.swift */; };
		F90A051725B00C43003A899F /* ContentView.swift in Sources */ = {isa = PBXBuildFile; fileRef = F90A050325B00C41003A899F /* ContentView.swift */; };
		F90A051825B00C43003A899F /* ContentView.swift in Sources */ = {isa = PBXBuildFile; fileRef = F90A050325B00C41003A899F /* ContentView.swift */; };
		F90A051925B00C43003A899F /* Assets.xcassets in Resources */ = {isa = PBXBuildFile; fileRef = F90A050425B00C43003A899F /* Assets.xcassets */; };
		F90A051A25B00C43003A899F /* Assets.xcassets in Resources */ = {isa = PBXBuildFile; fileRef = F90A050425B00C43003A899F /* Assets.xcassets */; };
/* End PBXBuildFile section */

/* Begin PBXFileReference section */
		F90A050225B00C41003A899F /* SwiftRexDemoApp.swift */ = {isa = PBXFileReference; lastKnownFileType = sourcecode.swift; path = SwiftRexDemoApp.swift; sourceTree = "<group>"; };
		F90A050325B00C41003A899F /* ContentView.swift */ = {isa = PBXFileReference; lastKnownFileType = sourcecode.swift; path = ContentView.swift; sourceTree = "<group>"; };
		F90A050425B00C43003A899F /* Assets.xcassets */ = {isa = PBXFileReference; lastKnownFileType = folder.assetcatalog; path = Assets.xcassets; sourceTree = "<group>"; };
		F90A050925B00C43003A899F /* SwiftRexDemo.app */ = {isa = PBXFileReference; explicitFileType = wrapper.application; includeInIndex = 0; path = SwiftRexDemo.app; sourceTree = BUILT_PRODUCTS_DIR; };
		F90A050C25B00C43003A899F /* Info.plist */ = {isa = PBXFileReference; lastKnownFileType = text.plist.xml; path = Info.plist; sourceTree = "<group>"; };
		F90A051125B00C43003A899F /* SwiftRexDemo.app */ = {isa = PBXFileReference; explicitFileType = wrapper.application; includeInIndex = 0; path = SwiftRexDemo.app; sourceTree = BUILT_PRODUCTS_DIR; };
		F90A051325B00C43003A899F /* Info.plist */ = {isa = PBXFileReference; lastKnownFileType = text.plist.xml; path = Info.plist; sourceTree = "<group>"; };
		F90A051425B00C43003A899F /* macOS.entitlements */ = {isa = PBXFileReference; lastKnownFileType = text.plist.entitlements; path = macOS.entitlements; sourceTree = "<group>"; };
/* End PBXFileReference section */

/* Begin PBXFrameworksBuildPhase section */
		F90A050625B00C43003A899F /* Frameworks */ = {
			isa = PBXFrameworksBuildPhase;
			buildActionMask = 2147483647;
			files = (
			);
			runOnlyForDeploymentPostprocessing = 0;
		};
		F90A050E25B00C43003A899F /* Frameworks */ = {
			isa = PBXFrameworksBuildPhase;
			buildActionMask = 2147483647;
			files = (
			);
			runOnlyForDeploymentPostprocessing = 0;
		};
/* End PBXFrameworksBuildPhase section */

/* Begin PBXGroup section */
		F90A04FC25B00C41003A899F = {
			isa = PBXGroup;
			children = (
				F90A050125B00C41003A899F /* Shared */,
				F90A050B25B00C43003A899F /* iOS */,
				F90A051225B00C43003A899F /* macOS */,
				F90A050A25B00C43003A899F /* Products */,
			);
			sourceTree = "<group>";
		};
		F90A050125B00C41003A899F /* Shared */ = {
			isa = PBXGroup;
			children = (
				F90A050225B00C41003A899F /* SwiftRexDemoApp.swift */,
				F90A050325B00C41003A899F /* ContentView.swift */,
				F90A050425B00C43003A899F /* Assets.xcassets */,
			);
			path = Shared;
			sourceTree = "<group>";
		};
		F90A050A25B00C43003A899F /* Products */ = {
			isa = PBXGroup;
			children = (
				F90A050925B00C43003A899F /* SwiftRexDemo.app */,
				F90A051125B00C43003A899F /* SwiftRexDemo.app */,
			);
			name = Products;
			sourceTree = "<group>";
		};
		F90A050B25B00C43003A899F /* iOS */ = {
			isa = PBXGroup;
			children = (
				F90A050C25B00C43003A899F /* Info.plist */,
			);
			path = iOS;
			sourceTree = "<group>";
		};
		F90A051225B00C43003A899F /* macOS */ = {
			isa = PBXGroup;
			children = (
				F90A051325B00C43003A899F /* Info.plist */,
				F90A051425B00C43003A899F /* macOS.entitlements */,
			);
			path = macOS;
			sourceTree = "<group>";
		};
/* End PBXGroup section */

/* Begin PBXNativeTarget section */
		F90A050825B00C43003A899F /* SwiftRexDemo (iOS) */ = {
			isa = PBXNativeTarget;
			buildConfigurationList = F90A051D25B00C43003A899F /* Build configuration list for PBXNativeTarget "SwiftRexDemo (iOS)" */;
			buildPhases = (
				F90A050525B00C43003A899F /* Sources */,
				F90A050625B00C43003A899F /* Frameworks */,
				F90A050725B00C43003A899F /* Resources */,
			);
			buildRules = (
			);
			dependencies = (
			);
			name = "SwiftRexDemo (iOS)";
			productName = "SwiftRexDemo (iOS)";
			productReference = F90A050925B00C43003A899F /* SwiftRexDemo.app */;
			productType = "com.apple.product-type.application";
		};
		F90A051025B00C43003A899F /* SwiftRexDemo (macOS) */ = {
			isa = PBXNativeTarget;
			buildConfigurationList = F90A052025B00C43003A899F /* Build configuration list for PBXNativeTarget "SwiftRexDemo (macOS)" */;
			buildPhases = (
				F90A050D25B00C43003A899F /* Sources */,
				F90A050E25B00C43003A899F /* Frameworks */,
				F90A050F25B00C43003A899F /* Resources */,
			);
			buildRules = (
			);
			dependencies = (
			);
			name = "SwiftRexDemo (macOS)";
			productName = "SwiftRexDemo (macOS)";
			productReference = F90A051125B00C43003A899F /* SwiftRexDemo.app */;
			productType = "com.apple.product-type.application";
		};
/* End PBXNativeTarget section */

/* Begin PBXProject section */
		F90A04FD25B00C41003A899F /* Project object */ = {
			isa = PBXProject;
			attributes = {
				LastSwiftUpdateCheck = 1230;
				LastUpgradeCheck = 1230;
				TargetAttributes = {
					F90A050825B00C43003A899F = {
						CreatedOnToolsVersion = 12.3;
					};
					F90A051025B00C43003A899F = {
						CreatedOnToolsVersion = 12.3;
					};
				};
			};
			buildConfigurationList = F90A050025B00C41003A899F /* Build configuration list for PBXProject "SwiftRexDemo" */;
			compatibilityVersion = "Xcode 9.3";
			developmentRegion = en;
			hasScannedForEncodings = 0;
			knownRegions = (
				en,
				Base,
			);
			mainGroup = F90A04FC25B00C41003A899F;
			productRefGroup = F90A050A25B00C43003A899F /* Products */;
			projectDirPath = "";
			projectRoot = "";
			targets = (
				F90A050825B00C43003A899F /* SwiftRexDemo (iOS) */,
				F90A051025B00C43003A899F /* SwiftRexDemo (macOS) */,
			);
		};
/* End PBXProject section */

/* Begin PBXResourcesBuildPhase section */
		F90A050725B00C43003A899F /* Resources */ = {
			isa = PBXResourcesBuildPhase;
			buildActionMask = 2147483647;
			files = (
				F90A051925B00C43003A899F /* Assets.xcassets in Resources */,
			);
			runOnlyForDeploymentPostprocessing = 0;
		};
		F90A050F25B00C43003A899F /* Resources */ = {
			isa = PBXResourcesBuildPhase;
			buildActionMask = 2147483647;
			files = (
				F90A051A25B00C43003A899F /* Assets.xcassets in Resources */,
			);
			runOnlyForDeploymentPostprocessing = 0;
		};
/* End PBXResourcesBuildPhase section */

/* Begin PBXSourcesBuildPhase section */
		F90A050525B00C43003A899F /* Sources */ = {
			isa = PBXSourcesBuildPhase;
			buildActionMask = 2147483647;
			files = (
				F90A051725B00C43003A899F /* ContentView.swift in Sources */,
				F90A051525B00C43003A899F /* SwiftRexDemoApp.swift in Sources */,
			);
			runOnlyForDeploymentPostprocessing = 0;
		};
		F90A050D25B00C43003A899F /* Sources */ = {
			isa = PBXSourcesBuildPhase;
			buildActionMask = 2147483647;
			files = (
				F90A051825B00C43003A899F /* ContentView.swift in Sources */,
				F90A051625B00C43003A899F /* SwiftRexDemoApp.swift in Sources */,
			);
			runOnlyForDeploymentPostprocessing = 0;
		};
/* End PBXSourcesBuildPhase section */

/* Begin XCBuildConfiguration section */
		F90A051B25B00C43003A899F /* Debug */ = {
			isa = XCBuildConfiguration;
			buildSettings = {
				ALWAYS_SEARCH_USER_PATHS = NO;
				CLANG_ANALYZER_NONNULL = YES;
				CLANG_ANALYZER_NUMBER_OBJECT_CONVERSION = YES_AGGRESSIVE;
				CLANG_CXX_LANGUAGE_STANDARD = "gnu++14";
				CLANG_CXX_LIBRARY = "libc++";
				CLANG_ENABLE_MODULES = YES;
				CLANG_ENABLE_OBJC_ARC = YES;
				CLANG_ENABLE_OBJC_WEAK = YES;
				CLANG_WARN_BLOCK_CAPTURE_AUTORELEASING = YES;
				CLANG_WARN_BOOL_CONVERSION = YES;
				CLANG_WARN_COMMA = YES;
				CLANG_WARN_CONSTANT_CONVERSION = YES;
				CLANG_WARN_DEPRECATED_OBJC_IMPLEMENTATIONS = YES;
				CLANG_WARN_DIRECT_OBJC_ISA_USAGE = YES_ERROR;
				CLANG_WARN_DOCUMENTATION_COMMENTS = YES;
				CLANG_WARN_EMPTY_BODY = YES;
				CLANG_WARN_ENUM_CONVERSION = YES;
				CLANG_WARN_INFINITE_RECURSION = YES;
				CLANG_WARN_INT_CONVERSION = YES;
				CLANG_WARN_NON_LITERAL_NULL_CONVERSION = YES;
				CLANG_WARN_OBJC_IMPLICIT_RETAIN_SELF = YES;
				CLANG_WARN_OBJC_LITERAL_CONVERSION = YES;
				CLANG_WARN_OBJC_ROOT_CLASS = YES_ERROR;
				CLANG_WARN_QUOTED_INCLUDE_IN_FRAMEWORK_HEADER = YES;
				CLANG_WARN_RANGE_LOOP_ANALYSIS = YES;
				CLANG_WARN_STRICT_PROTOTYPES = YES;
				CLANG_WARN_SUSPICIOUS_MOVE = YES;
				CLANG_WARN_UNGUARDED_AVAILABILITY = YES_AGGRESSIVE;
				CLANG_WARN_UNREACHABLE_CODE = YES;
				CLANG_WARN__DUPLICATE_METHOD_MATCH = YES;
				COPY_PHASE_STRIP = NO;
				DEBUG_INFORMATION_FORMAT = dwarf;
				ENABLE_STRICT_OBJC_MSGSEND = YES;
				ENABLE_TESTABILITY = YES;
				GCC_C_LANGUAGE_STANDARD = gnu11;
				GCC_DYNAMIC_NO_PIC = NO;
				GCC_NO_COMMON_BLOCKS = YES;
				GCC_OPTIMIZATION_LEVEL = 0;
				GCC_PREPROCESSOR_DEFINITIONS = (
					"DEBUG=1",
					"$(inherited)",
				);
				GCC_WARN_64_TO_32_BIT_CONVERSION = YES;
				GCC_WARN_ABOUT_RETURN_TYPE = YES_ERROR;
				GCC_WARN_UNDECLARED_SELECTOR = YES;
				GCC_WARN_UNINITIALIZED_AUTOS = YES_AGGRESSIVE;
				GCC_WARN_UNUSED_FUNCTION = YES;
				GCC_WARN_UNUSED_VARIABLE = YES;
				MTL_ENABLE_DEBUG_INFO = INCLUDE_SOURCE;
				MTL_FAST_MATH = YES;
				ONLY_ACTIVE_ARCH = YES;
				SWIFT_ACTIVE_COMPILATION_CONDITIONS = DEBUG;
				SWIFT_OPTIMIZATION_LEVEL = "-Onone";
			};
			name = Debug;
		};
		F90A051C25B00C43003A899F /* Release */ = {
			isa = XCBuildConfiguration;
			buildSettings = {
				ALWAYS_SEARCH_USER_PATHS = NO;
				CLANG_ANALYZER_NONNULL = YES;
				CLANG_ANALYZER_NUMBER_OBJECT_CONVERSION = YES_AGGRESSIVE;
				CLANG_CXX_LANGUAGE_STANDARD = "gnu++14";
				CLANG_CXX_LIBRARY = "libc++";
				CLANG_ENABLE_MODULES = YES;
				CLANG_ENABLE_OBJC_ARC = YES;
				CLANG_ENABLE_OBJC_WEAK = YES;
				CLANG_WARN_BLOCK_CAPTURE_AUTORELEASING = YES;
				CLANG_WARN_BOOL_CONVERSION = YES;
				CLANG_WARN_COMMA = YES;
				CLANG_WARN_CONSTANT_CONVERSION = YES;
				CLANG_WARN_DEPRECATED_OBJC_IMPLEMENTATIONS = YES;
				CLANG_WARN_DIRECT_OBJC_ISA_USAGE = YES_ERROR;
				CLANG_WARN_DOCUMENTATION_COMMENTS = YES;
				CLANG_WARN_EMPTY_BODY = YES;
				CLANG_WARN_ENUM_CONVERSION = YES;
				CLANG_WARN_INFINITE_RECURSION = YES;
				CLANG_WARN_INT_CONVERSION = YES;
				CLANG_WARN_NON_LITERAL_NULL_CONVERSION = YES;
				CLANG_WARN_OBJC_IMPLICIT_RETAIN_SELF = YES;
				CLANG_WARN_OBJC_LITERAL_CONVERSION = YES;
				CLANG_WARN_OBJC_ROOT_CLASS = YES_ERROR;
				CLANG_WARN_QUOTED_INCLUDE_IN_FRAMEWORK_HEADER = YES;
				CLANG_WARN_RANGE_LOOP_ANALYSIS = YES;
				CLANG_WARN_STRICT_PROTOTYPES = YES;
				CLANG_WARN_SUSPICIOUS_MOVE = YES;
				CLANG_WARN_UNGUARDED_AVAILABILITY = YES_AGGRESSIVE;
				CLANG_WARN_UNREACHABLE_CODE = YES;
				CLANG_WARN__DUPLICATE_METHOD_MATCH = YES;
				COPY_PHASE_STRIP = NO;
				DEBUG_INFORMATION_FORMAT = "dwarf-with-dsym";
				ENABLE_NS_ASSERTIONS = NO;
				ENABLE_STRICT_OBJC_MSGSEND = YES;
				GCC_C_LANGUAGE_STANDARD = gnu11;
				GCC_NO_COMMON_BLOCKS = YES;
				GCC_WARN_64_TO_32_BIT_CONVERSION = YES;
				GCC_WARN_ABOUT_RETURN_TYPE = YES_ERROR;
				GCC_WARN_UNDECLARED_SELECTOR = YES;
				GCC_WARN_UNINITIALIZED_AUTOS = YES_AGGRESSIVE;
				GCC_WARN_UNUSED_FUNCTION = YES;
				GCC_WARN_UNUSED_VARIABLE = YES;
				MTL_ENABLE_DEBUG_INFO = NO;
				MTL_FAST_MATH = YES;
				SWIFT_COMPILATION_MODE = wholemodule;
				SWIFT_OPTIMIZATION_LEVEL = "-O";
			};
			name = Release;
		};
		F90A051E25B00C43003A899F /* Debug */ = {
			isa = XCBuildConfiguration;
			buildSettings = {
				ASSETCATALOG_COMPILER_APPICON_NAME = AppIcon;
				ASSETCATALOG_COMPILER_GLOBAL_ACCENT_COLOR_NAME = AccentColor;
				CODE_SIGN_STYLE = Automatic;
				DEVELOPMENT_TEAM = 5T8RYBZLLQ;
				ENABLE_PREVIEWS = YES;
				INFOPLIST_FILE = iOS/Info.plist;
				IPHONEOS_DEPLOYMENT_TARGET = 14.0;
				LD_RUNPATH_SEARCH_PATHS = (
					"$(inherited)",
					"@executable_path/Frameworks",
				);
				PRODUCT_BUNDLE_IDENTIFIER = com.SwiftRexDemo.SwiftRexDemo;
				PRODUCT_NAME = SwiftRexDemo;
				SDKROOT = iphoneos;
				SWIFT_VERSION = 5.0;
				TARGETED_DEVICE_FAMILY = "1,2";
			};
			name = Debug;
		};
		F90A051F25B00C43003A899F /* Release */ = {
			isa = XCBuildConfiguration;
			buildSettings = {
				ASSETCATALOG_COMPILER_APPICON_NAME = AppIcon;
				ASSETCATALOG_COMPILER_GLOBAL_ACCENT_COLOR_NAME = AccentColor;
				CODE_SIGN_STYLE = Automatic;
				DEVELOPMENT_TEAM = 5T8RYBZLLQ;
				ENABLE_PREVIEWS = YES;
				INFOPLIST_FILE = iOS/Info.plist;
				IPHONEOS_DEPLOYMENT_TARGET = 14.0;
				LD_RUNPATH_SEARCH_PATHS = (
					"$(inherited)",
					"@executable_path/Frameworks",
				);
				PRODUCT_BUNDLE_IDENTIFIER = com.SwiftRexDemo.SwiftRexDemo;
				PRODUCT_NAME = SwiftRexDemo;
				SDKROOT = iphoneos;
				SWIFT_VERSION = 5.0;
				TARGETED_DEVICE_FAMILY = "1,2";
				VALIDATE_PRODUCT = YES;
			};
			name = Release;
		};
		F90A052125B00C43003A899F /* Debug */ = {
			isa = XCBuildConfiguration;
			buildSettings = {
				ASSETCATALOG_COMPILER_APPICON_NAME = AppIcon;
				ASSETCATALOG_COMPILER_GLOBAL_ACCENT_COLOR_NAME = AccentColor;
				CODE_SIGN_ENTITLEMENTS = macOS/macOS.entitlements;
				CODE_SIGN_STYLE = Automatic;
				COMBINE_HIDPI_IMAGES = YES;
				DEVELOPMENT_TEAM = 5T8RYBZLLQ;
				ENABLE_HARDENED_RUNTIME = YES;
				ENABLE_PREVIEWS = YES;
				INFOPLIST_FILE = macOS/Info.plist;
				LD_RUNPATH_SEARCH_PATHS = (
					"$(inherited)",
					"@executable_path/../Frameworks",
				);
				MACOSX_DEPLOYMENT_TARGET = 11.0;
				PRODUCT_BUNDLE_IDENTIFIER = com.SwiftRexDemo.SwiftRexDemo;
				PRODUCT_NAME = SwiftRexDemo;
				SDKROOT = macosx;
				SWIFT_VERSION = 5.0;
			};
			name = Debug;
		};
		F90A052225B00C43003A899F /* Release */ = {
			isa = XCBuildConfiguration;
			buildSettings = {
				ASSETCATALOG_COMPILER_APPICON_NAME = AppIcon;
				ASSETCATALOG_COMPILER_GLOBAL_ACCENT_COLOR_NAME = AccentColor;
				CODE_SIGN_ENTITLEMENTS = macOS/macOS.entitlements;
				CODE_SIGN_STYLE = Automatic;
				COMBINE_HIDPI_IMAGES = YES;
				DEVELOPMENT_TEAM = 5T8RYBZLLQ;
				ENABLE_HARDENED_RUNTIME = YES;
				ENABLE_PREVIEWS = YES;
				INFOPLIST_FILE = macOS/Info.plist;
				LD_RUNPATH_SEARCH_PATHS = (
					"$(inherited)",
					"@executable_path/../Frameworks",
				);
				MACOSX_DEPLOYMENT_TARGET = 11.0;
				PRODUCT_BUNDLE_IDENTIFIER = com.SwiftRexDemo.SwiftRexDemo;
				PRODUCT_NAME = SwiftRexDemo;
				SDKROOT = macosx;
				SWIFT_VERSION = 5.0;
			};
			name = Release;
		};
/* End XCBuildConfiguration section */

/* Begin XCConfigurationList section */
		F90A050025B00C41003A899F /* Build configuration list for PBXProject "SwiftRexDemo" */ = {
			isa = XCConfigurationList;
			buildConfigurations = (
				F90A051B25B00C43003A899F /* Debug */,
				F90A051C25B00C43003A899F /* Release */,
			);
			defaultConfigurationIsVisible = 0;
			defaultConfigurationName = Release;
		};
		F90A051D25B00C43003A899F /* Build configuration list for PBXNativeTarget "SwiftRexDemo (iOS)" */ = {
			isa = XCConfigurationList;
			buildConfigurations = (
				F90A051E25B00C43003A899F /* Debug */,
				F90A051F25B00C43003A899F /* Release */,
			);
			defaultConfigurationIsVisible = 0;
			defaultConfigurationName = Release;
		};
		F90A052025B00C43003A899F /* Build configuration list for PBXNativeTarget "SwiftRexDemo (macOS)" */ = {
			isa = XCConfigurationList;
			buildConfigurations = (
				F90A052125B00C43003A899F /* Debug */,
				F90A052225B00C43003A899F /* Release */,
			);
			defaultConfigurationIsVisible = 0;
			defaultConfigurationName = Release;
		};
/* End XCConfigurationList section */
	};
	rootObject = F90A04FD25B00C41003A899F /* Project object */;
}
